
Microsoft Visual Studio Solution File, Format Version 12.00
# Visual Studio 14
VisualStudioVersion = 14.0.25420.1
MinimumVisualStudioVersion = 10.0.40219.1
Project("{2150E333-8FDC-42A3-9474-1A3956D46DE8}") = "01-Runner", "01-Runner", "{43D3DBE2-0139-4D65-99F8-B1D4CCD5E831}"
EndProject
Project("{2150E333-8FDC-42A3-9474-1A3956D46DE8}") = "00-Libs", "00-Libs", "{8A9795C2-4CAE-46EB-9736-8347906B6A01}"
EndProject
Project("{FAE04EC0-301F-11D3-BF4B-00C04F79EFBC}") = "Localization.Android", "Localization.Android\Localization.Android.csproj", "{A6836CA3-362F-4B49-B99F-6607AAB9EF29}"
EndProject
Project("{FAE04EC0-301F-11D3-BF4B-00C04F79EFBC}") = "Localization.Core", "Localization.Core\Localization.Core.csproj", "{12F38D82-651B-4B86-BA5E-16981A38EDEE}"
EndProject
Project("{FAE04EC0-301F-11D3-BF4B-00C04F79EFBC}") = "Localization.iOS", "Localization.iOS\Localization.iOS.csproj", "{E3B5B7CE-48CF-4D35-8FA6-804EA750B3D9}"
EndProject
Project("{FAE04EC0-301F-11D3-BF4B-00C04F79EFBC}") = "Localization.PCL", "Localization.PCL\Localization.PCL.csproj", "{A1E2EE1E-1472-4758-8D77-FDA469598510}"
EndProject
Project("{FAE04EC0-301F-11D3-BF4B-00C04F79EFBC}") = "Localization.WindowsPhone", "Localization.WindowsPhone\Localization.WindowsPhone.csproj", "{1E3E907C-D88F-4CC0-945B-2DB92317F9A4}"
EndProject
Project("{FAE04EC0-301F-11D3-BF4B-00C04F79EFBC}") = "Runner.Localization.Android", "Runners\Runner.Localization.Android\Runner.Localization.Android.csproj", "{DC76C205-F9E0-46C4-A034-43D1C86B64D8}"
EndProject
Project("{FAE04EC0-301F-11D3-BF4B-00C04F79EFBC}") = "Runner.Localization.PCL", "Runners\Runner.Localization.PCL\Runner.Localization.PCL.csproj", "{FDBD86CB-FC28-471A-8D60-ED65112AF41E}"
EndProject
Project("{FAE04EC0-301F-11D3-BF4B-00C04F79EFBC}") = "Runner.Localization.WinPhone81", "Runners\Runner.Localization.WinPhone81\Runner.Localization.WinPhone81.csproj", "{4317C7EF-E395-4E63-BC24-9B01C1D3E294}"
EndProject
Project("{FAE04EC0-301F-11D3-BF4B-00C04F79EFBC}") = "Runner.Localization.iOS", "Runners\Runner.Localization.iOS\Runner.Localization.iOS.csproj", "{6679EA86-3CB4-47D5-9728-2708A3D82756}"
EndProject
Global
	GlobalSection(SolutionConfigurationPlatforms) = preSolution
		Ad-Hoc|Any CPU = Ad-Hoc|Any CPU
		Ad-Hoc|ARM = Ad-Hoc|ARM
		Ad-Hoc|iPhone = Ad-Hoc|iPhone
		Ad-Hoc|iPhoneSimulator = Ad-Hoc|iPhoneSimulator
		Ad-Hoc|x86 = Ad-Hoc|x86
		AppStore|Any CPU = AppStore|Any CPU
		AppStore|ARM = AppStore|ARM
		AppStore|iPhone = AppStore|iPhone
		AppStore|iPhoneSimulator = AppStore|iPhoneSimulator
		AppStore|x86 = AppStore|x86
		Debug|Any CPU = Debug|Any CPU
		Debug|ARM = Debug|ARM
		Debug|iPhone = Debug|iPhone
		Debug|iPhoneSimulator = Debug|iPhoneSimulator
		Debug|x86 = Debug|x86
		Release|Any CPU = Release|Any CPU
		Release|ARM = Release|ARM
		Release|iPhone = Release|iPhone
		Release|iPhoneSimulator = Release|iPhoneSimulator
		Release|x86 = Release|x86
	EndGlobalSection
	GlobalSection(ProjectConfigurationPlatforms) = postSolution
		{A6836CA3-362F-4B49-B99F-6607AAB9EF29}.Ad-Hoc|Any CPU.ActiveCfg = Release|Any CPU
		{A6836CA3-362F-4B49-B99F-6607AAB9EF29}.Ad-Hoc|Any CPU.Build.0 = Release|Any CPU
		{A6836CA3-362F-4B49-B99F-6607AAB9EF29}.Ad-Hoc|ARM.ActiveCfg = Release|Any CPU
		{A6836CA3-362F-4B49-B99F-6607AAB9EF29}.Ad-Hoc|ARM.Build.0 = Release|Any CPU
		{A6836CA3-362F-4B49-B99F-6607AAB9EF29}.Ad-Hoc|iPhone.ActiveCfg = Release|Any CPU
		{A6836CA3-362F-4B49-B99F-6607AAB9EF29}.Ad-Hoc|iPhone.Build.0 = Release|Any CPU
		{A6836CA3-362F-4B49-B99F-6607AAB9EF29}.Ad-Hoc|iPhoneSimulator.ActiveCfg = Release|Any CPU
		{A6836CA3-362F-4B49-B99F-6607AAB9EF29}.Ad-Hoc|iPhoneSimulator.Build.0 = Release|Any CPU
		{A6836CA3-362F-4B49-B99F-6607AAB9EF29}.Ad-Hoc|x86.ActiveCfg = Release|Any CPU
		{A6836CA3-362F-4B49-B99F-6607AAB9EF29}.Ad-Hoc|x86.Build.0 = Release|Any CPU
		{A6836CA3-362F-4B49-B99F-6607AAB9EF29}.AppStore|Any CPU.ActiveCfg = Release|Any CPU
		{A6836CA3-362F-4B49-B99F-6607AAB9EF29}.AppStore|Any CPU.Build.0 = Release|Any CPU
		{A6836CA3-362F-4B49-B99F-6607AAB9EF29}.AppStore|ARM.ActiveCfg = Release|Any CPU
		{A6836CA3-362F-4B49-B99F-6607AAB9EF29}.AppStore|ARM.Build.0 = Release|Any CPU
		{A6836CA3-362F-4B49-B99F-6607AAB9EF29}.AppStore|iPhone.ActiveCfg = Release|Any CPU
		{A6836CA3-362F-4B49-B99F-6607AAB9EF29}.AppStore|iPhone.Build.0 = Release|Any CPU
		{A6836CA3-362F-4B49-B99F-6607AAB9EF29}.AppStore|iPhoneSimulator.ActiveCfg = Release|Any CPU
		{A6836CA3-362F-4B49-B99F-6607AAB9EF29}.AppStore|iPhoneSimulator.Build.0 = Release|Any CPU
		{A6836CA3-362F-4B49-B99F-6607AAB9EF29}.AppStore|x86.ActiveCfg = Release|Any CPU
		{A6836CA3-362F-4B49-B99F-6607AAB9EF29}.AppStore|x86.Build.0 = Release|Any CPU
		{A6836CA3-362F-4B49-B99F-6607AAB9EF29}.Debug|Any CPU.ActiveCfg = Debug|Any CPU
		{A6836CA3-362F-4B49-B99F-6607AAB9EF29}.Debug|Any CPU.Build.0 = Debug|Any CPU
		{A6836CA3-362F-4B49-B99F-6607AAB9EF29}.Debug|ARM.ActiveCfg = Debug|Any CPU
		{A6836CA3-362F-4B49-B99F-6607AAB9EF29}.Debug|ARM.Build.0 = Debug|Any CPU
		{A6836CA3-362F-4B49-B99F-6607AAB9EF29}.Debug|iPhone.ActiveCfg = Debug|Any CPU
		{A6836CA3-362F-4B49-B99F-6607AAB9EF29}.Debug|iPhone.Build.0 = Debug|Any CPU
		{A6836CA3-362F-4B49-B99F-6607AAB9EF29}.Debug|iPhoneSimulator.ActiveCfg = Debug|Any CPU
		{A6836CA3-362F-4B49-B99F-6607AAB9EF29}.Debug|iPhoneSimulator.Build.0 = Debug|Any CPU
		{A6836CA3-362F-4B49-B99F-6607AAB9EF29}.Debug|x86.ActiveCfg = Debug|Any CPU
		{A6836CA3-362F-4B49-B99F-6607AAB9EF29}.Debug|x86.Build.0 = Debug|Any CPU
		{A6836CA3-362F-4B49-B99F-6607AAB9EF29}.Release|Any CPU.ActiveCfg = Release|Any CPU
		{A6836CA3-362F-4B49-B99F-6607AAB9EF29}.Release|Any CPU.Build.0 = Release|Any CPU
		{A6836CA3-362F-4B49-B99F-6607AAB9EF29}.Release|ARM.ActiveCfg = Release|Any CPU
		{A6836CA3-362F-4B49-B99F-6607AAB9EF29}.Release|ARM.Build.0 = Release|Any CPU
		{A6836CA3-362F-4B49-B99F-6607AAB9EF29}.Release|iPhone.ActiveCfg = Release|Any CPU
		{A6836CA3-362F-4B49-B99F-6607AAB9EF29}.Release|iPhone.Build.0 = Release|Any CPU
		{A6836CA3-362F-4B49-B99F-6607AAB9EF29}.Release|iPhoneSimulator.ActiveCfg = Release|Any CPU
		{A6836CA3-362F-4B49-B99F-6607AAB9EF29}.Release|iPhoneSimulator.Build.0 = Release|Any CPU
		{A6836CA3-362F-4B49-B99F-6607AAB9EF29}.Release|x86.ActiveCfg = Release|Any CPU
		{A6836CA3-362F-4B49-B99F-6607AAB9EF29}.Release|x86.Build.0 = Release|Any CPU
		{12F38D82-651B-4B86-BA5E-16981A38EDEE}.Ad-Hoc|Any CPU.ActiveCfg = Release|Any CPU
		{12F38D82-651B-4B86-BA5E-16981A38EDEE}.Ad-Hoc|Any CPU.Build.0 = Release|Any CPU
		{12F38D82-651B-4B86-BA5E-16981A38EDEE}.Ad-Hoc|ARM.ActiveCfg = Release|Any CPU
		{12F38D82-651B-4B86-BA5E-16981A38EDEE}.Ad-Hoc|ARM.Build.0 = Release|Any CPU
		{12F38D82-651B-4B86-BA5E-16981A38EDEE}.Ad-Hoc|iPhone.ActiveCfg = Release|Any CPU
		{12F38D82-651B-4B86-BA5E-16981A38EDEE}.Ad-Hoc|iPhone.Build.0 = Release|Any CPU
		{12F38D82-651B-4B86-BA5E-16981A38EDEE}.Ad-Hoc|iPhoneSimulator.ActiveCfg = Release|Any CPU
		{12F38D82-651B-4B86-BA5E-16981A38EDEE}.Ad-Hoc|iPhoneSimulator.Build.0 = Release|Any CPU
		{12F38D82-651B-4B86-BA5E-16981A38EDEE}.Ad-Hoc|x86.ActiveCfg = Release|Any CPU
		{12F38D82-651B-4B86-BA5E-16981A38EDEE}.Ad-Hoc|x86.Build.0 = Release|Any CPU
		{12F38D82-651B-4B86-BA5E-16981A38EDEE}.AppStore|Any CPU.ActiveCfg = Release|Any CPU
		{12F38D82-651B-4B86-BA5E-16981A38EDEE}.AppStore|Any CPU.Build.0 = Release|Any CPU
		{12F38D82-651B-4B86-BA5E-16981A38EDEE}.AppStore|ARM.ActiveCfg = Release|Any CPU
		{12F38D82-651B-4B86-BA5E-16981A38EDEE}.AppStore|ARM.Build.0 = Release|Any CPU
		{12F38D82-651B-4B86-BA5E-16981A38EDEE}.AppStore|iPhone.ActiveCfg = Release|Any CPU
		{12F38D82-651B-4B86-BA5E-16981A38EDEE}.AppStore|iPhone.Build.0 = Release|Any CPU
		{12F38D82-651B-4B86-BA5E-16981A38EDEE}.AppStore|iPhoneSimulator.ActiveCfg = Release|Any CPU
		{12F38D82-651B-4B86-BA5E-16981A38EDEE}.AppStore|iPhoneSimulator.Build.0 = Release|Any CPU
		{12F38D82-651B-4B86-BA5E-16981A38EDEE}.AppStore|x86.ActiveCfg = Release|Any CPU
		{12F38D82-651B-4B86-BA5E-16981A38EDEE}.AppStore|x86.Build.0 = Release|Any CPU
		{12F38D82-651B-4B86-BA5E-16981A38EDEE}.Debug|Any CPU.ActiveCfg = Debug|Any CPU
		{12F38D82-651B-4B86-BA5E-16981A38EDEE}.Debug|Any CPU.Build.0 = Debug|Any CPU
		{12F38D82-651B-4B86-BA5E-16981A38EDEE}.Debug|ARM.ActiveCfg = Debug|Any CPU
		{12F38D82-651B-4B86-BA5E-16981A38EDEE}.Debug|ARM.Build.0 = Debug|Any CPU
		{12F38D82-651B-4B86-BA5E-16981A38EDEE}.Debug|iPhone.ActiveCfg = Debug|Any CPU
		{12F38D82-651B-4B86-BA5E-16981A38EDEE}.Debug|iPhone.Build.0 = Debug|Any CPU
		{12F38D82-651B-4B86-BA5E-16981A38EDEE}.Debug|iPhoneSimulator.ActiveCfg = Debug|Any CPU
		{12F38D82-651B-4B86-BA5E-16981A38EDEE}.Debug|iPhoneSimulator.Build.0 = Debug|Any CPU
		{12F38D82-651B-4B86-BA5E-16981A38EDEE}.Debug|x86.ActiveCfg = Debug|Any CPU
		{12F38D82-651B-4B86-BA5E-16981A38EDEE}.Debug|x86.Build.0 = Debug|Any CPU
		{12F38D82-651B-4B86-BA5E-16981A38EDEE}.Release|Any CPU.ActiveCfg = Release|Any CPU
		{12F38D82-651B-4B86-BA5E-16981A38EDEE}.Release|Any CPU.Build.0 = Release|Any CPU
		{12F38D82-651B-4B86-BA5E-16981A38EDEE}.Release|ARM.ActiveCfg = Release|Any CPU
		{12F38D82-651B-4B86-BA5E-16981A38EDEE}.Release|ARM.Build.0 = Release|Any CPU
		{12F38D82-651B-4B86-BA5E-16981A38EDEE}.Release|iPhone.ActiveCfg = Release|Any CPU
		{12F38D82-651B-4B86-BA5E-16981A38EDEE}.Release|iPhone.Build.0 = Release|Any CPU
		{12F38D82-651B-4B86-BA5E-16981A38EDEE}.Release|iPhoneSimulator.ActiveCfg = Release|Any CPU
		{12F38D82-651B-4B86-BA5E-16981A38EDEE}.Release|iPhoneSimulator.Build.0 = Release|Any CPU
		{12F38D82-651B-4B86-BA5E-16981A38EDEE}.Release|x86.ActiveCfg = Release|Any CPU
		{12F38D82-651B-4B86-BA5E-16981A38EDEE}.Release|x86.Build.0 = Release|Any CPU
		{E3B5B7CE-48CF-4D35-8FA6-804EA750B3D9}.Ad-Hoc|Any CPU.ActiveCfg = Release|Any CPU
		{E3B5B7CE-48CF-4D35-8FA6-804EA750B3D9}.Ad-Hoc|Any CPU.Build.0 = Release|Any CPU
		{E3B5B7CE-48CF-4D35-8FA6-804EA750B3D9}.Ad-Hoc|ARM.ActiveCfg = Release|Any CPU
		{E3B5B7CE-48CF-4D35-8FA6-804EA750B3D9}.Ad-Hoc|ARM.Build.0 = Release|Any CPU
		{E3B5B7CE-48CF-4D35-8FA6-804EA750B3D9}.Ad-Hoc|iPhone.ActiveCfg = Release|Any CPU
		{E3B5B7CE-48CF-4D35-8FA6-804EA750B3D9}.Ad-Hoc|iPhone.Build.0 = Release|Any CPU
		{E3B5B7CE-48CF-4D35-8FA6-804EA750B3D9}.Ad-Hoc|iPhoneSimulator.ActiveCfg = Release|Any CPU
		{E3B5B7CE-48CF-4D35-8FA6-804EA750B3D9}.Ad-Hoc|iPhoneSimulator.Build.0 = Release|Any CPU
		{E3B5B7CE-48CF-4D35-8FA6-804EA750B3D9}.Ad-Hoc|x86.ActiveCfg = Release|Any CPU
		{E3B5B7CE-48CF-4D35-8FA6-804EA750B3D9}.Ad-Hoc|x86.Build.0 = Release|Any CPU
		{E3B5B7CE-48CF-4D35-8FA6-804EA750B3D9}.AppStore|Any CPU.ActiveCfg = Release|Any CPU
		{E3B5B7CE-48CF-4D35-8FA6-804EA750B3D9}.AppStore|Any CPU.Build.0 = Release|Any CPU
		{E3B5B7CE-48CF-4D35-8FA6-804EA750B3D9}.AppStore|ARM.ActiveCfg = Release|Any CPU
		{E3B5B7CE-48CF-4D35-8FA6-804EA750B3D9}.AppStore|ARM.Build.0 = Release|Any CPU
		{E3B5B7CE-48CF-4D35-8FA6-804EA750B3D9}.AppStore|iPhone.ActiveCfg = Release|Any CPU
		{E3B5B7CE-48CF-4D35-8FA6-804EA750B3D9}.AppStore|iPhone.Build.0 = Release|Any CPU
		{E3B5B7CE-48CF-4D35-8FA6-804EA750B3D9}.AppStore|iPhoneSimulator.ActiveCfg = Release|Any CPU
		{E3B5B7CE-48CF-4D35-8FA6-804EA750B3D9}.AppStore|iPhoneSimulator.Build.0 = Release|Any CPU
		{E3B5B7CE-48CF-4D35-8FA6-804EA750B3D9}.AppStore|x86.ActiveCfg = Release|Any CPU
		{E3B5B7CE-48CF-4D35-8FA6-804EA750B3D9}.AppStore|x86.Build.0 = Release|Any CPU
		{E3B5B7CE-48CF-4D35-8FA6-804EA750B3D9}.Debug|Any CPU.ActiveCfg = Debug|Any CPU
		{E3B5B7CE-48CF-4D35-8FA6-804EA750B3D9}.Debug|Any CPU.Build.0 = Debug|Any CPU
		{E3B5B7CE-48CF-4D35-8FA6-804EA750B3D9}.Debug|ARM.ActiveCfg = Debug|Any CPU
		{E3B5B7CE-48CF-4D35-8FA6-804EA750B3D9}.Debug|ARM.Build.0 = Debug|Any CPU
		{E3B5B7CE-48CF-4D35-8FA6-804EA750B3D9}.Debug|iPhone.ActiveCfg = Debug|Any CPU
		{E3B5B7CE-48CF-4D35-8FA6-804EA750B3D9}.Debug|iPhone.Build.0 = Debug|Any CPU
		{E3B5B7CE-48CF-4D35-8FA6-804EA750B3D9}.Debug|iPhoneSimulator.ActiveCfg = Debug|Any CPU
		{E3B5B7CE-48CF-4D35-8FA6-804EA750B3D9}.Debug|iPhoneSimulator.Build.0 = Debug|Any CPU
		{E3B5B7CE-48CF-4D35-8FA6-804EA750B3D9}.Debug|x86.ActiveCfg = Debug|Any CPU
		{E3B5B7CE-48CF-4D35-8FA6-804EA750B3D9}.Debug|x86.Build.0 = Debug|Any CPU
		{E3B5B7CE-48CF-4D35-8FA6-804EA750B3D9}.Release|Any CPU.ActiveCfg = Release|Any CPU
		{E3B5B7CE-48CF-4D35-8FA6-804EA750B3D9}.Release|Any CPU.Build.0 = Release|Any CPU
		{E3B5B7CE-48CF-4D35-8FA6-804EA750B3D9}.Release|ARM.ActiveCfg = Release|Any CPU
		{E3B5B7CE-48CF-4D35-8FA6-804EA750B3D9}.Release|ARM.Build.0 = Release|Any CPU
		{E3B5B7CE-48CF-4D35-8FA6-804EA750B3D9}.Release|iPhone.ActiveCfg = Release|Any CPU
		{E3B5B7CE-48CF-4D35-8FA6-804EA750B3D9}.Release|iPhone.Build.0 = Release|Any CPU
		{E3B5B7CE-48CF-4D35-8FA6-804EA750B3D9}.Release|iPhoneSimulator.ActiveCfg = Release|Any CPU
		{E3B5B7CE-48CF-4D35-8FA6-804EA750B3D9}.Release|iPhoneSimulator.Build.0 = Release|Any CPU
		{E3B5B7CE-48CF-4D35-8FA6-804EA750B3D9}.Release|x86.ActiveCfg = Release|Any CPU
		{E3B5B7CE-48CF-4D35-8FA6-804EA750B3D9}.Release|x86.Build.0 = Release|Any CPU
		{A1E2EE1E-1472-4758-8D77-FDA469598510}.Ad-Hoc|Any CPU.ActiveCfg = Release|Any CPU
		{A1E2EE1E-1472-4758-8D77-FDA469598510}.Ad-Hoc|Any CPU.Build.0 = Release|Any CPU
		{A1E2EE1E-1472-4758-8D77-FDA469598510}.Ad-Hoc|ARM.ActiveCfg = Release|Any CPU
		{A1E2EE1E-1472-4758-8D77-FDA469598510}.Ad-Hoc|ARM.Build.0 = Release|Any CPU
		{A1E2EE1E-1472-4758-8D77-FDA469598510}.Ad-Hoc|iPhone.ActiveCfg = Release|Any CPU
		{A1E2EE1E-1472-4758-8D77-FDA469598510}.Ad-Hoc|iPhone.Build.0 = Release|Any CPU
		{A1E2EE1E-1472-4758-8D77-FDA469598510}.Ad-Hoc|iPhoneSimulator.ActiveCfg = Release|Any CPU
		{A1E2EE1E-1472-4758-8D77-FDA469598510}.Ad-Hoc|iPhoneSimulator.Build.0 = Release|Any CPU
		{A1E2EE1E-1472-4758-8D77-FDA469598510}.Ad-Hoc|x86.ActiveCfg = Release|Any CPU
		{A1E2EE1E-1472-4758-8D77-FDA469598510}.Ad-Hoc|x86.Build.0 = Release|Any CPU
		{A1E2EE1E-1472-4758-8D77-FDA469598510}.AppStore|Any CPU.ActiveCfg = Release|Any CPU
		{A1E2EE1E-1472-4758-8D77-FDA469598510}.AppStore|Any CPU.Build.0 = Release|Any CPU
		{A1E2EE1E-1472-4758-8D77-FDA469598510}.AppStore|ARM.ActiveCfg = Release|Any CPU
		{A1E2EE1E-1472-4758-8D77-FDA469598510}.AppStore|ARM.Build.0 = Release|Any CPU
		{A1E2EE1E-1472-4758-8D77-FDA469598510}.AppStore|iPhone.ActiveCfg = Release|Any CPU
		{A1E2EE1E-1472-4758-8D77-FDA469598510}.AppStore|iPhone.Build.0 = Release|Any CPU
		{A1E2EE1E-1472-4758-8D77-FDA469598510}.AppStore|iPhoneSimulator.ActiveCfg = Release|Any CPU
		{A1E2EE1E-1472-4758-8D77-FDA469598510}.AppStore|iPhoneSimulator.Build.0 = Release|Any CPU
		{A1E2EE1E-1472-4758-8D77-FDA469598510}.AppStore|x86.ActiveCfg = Release|Any CPU
		{A1E2EE1E-1472-4758-8D77-FDA469598510}.AppStore|x86.Build.0 = Release|Any CPU
		{A1E2EE1E-1472-4758-8D77-FDA469598510}.Debug|Any CPU.ActiveCfg = Debug|Any CPU
		{A1E2EE1E-1472-4758-8D77-FDA469598510}.Debug|Any CPU.Build.0 = Debug|Any CPU
		{A1E2EE1E-1472-4758-8D77-FDA469598510}.Debug|ARM.ActiveCfg = Debug|Any CPU
		{A1E2EE1E-1472-4758-8D77-FDA469598510}.Debug|ARM.Build.0 = Debug|Any CPU
		{A1E2EE1E-1472-4758-8D77-FDA469598510}.Debug|iPhone.ActiveCfg = Debug|Any CPU
		{A1E2EE1E-1472-4758-8D77-FDA469598510}.Debug|iPhone.Build.0 = Debug|Any CPU
		{A1E2EE1E-1472-4758-8D77-FDA469598510}.Debug|iPhoneSimulator.ActiveCfg = Debug|Any CPU
		{A1E2EE1E-1472-4758-8D77-FDA469598510}.Debug|iPhoneSimulator.Build.0 = Debug|Any CPU
		{A1E2EE1E-1472-4758-8D77-FDA469598510}.Debug|x86.ActiveCfg = Debug|Any CPU
		{A1E2EE1E-1472-4758-8D77-FDA469598510}.Debug|x86.Build.0 = Debug|Any CPU
		{A1E2EE1E-1472-4758-8D77-FDA469598510}.Release|Any CPU.ActiveCfg = Release|Any CPU
		{A1E2EE1E-1472-4758-8D77-FDA469598510}.Release|Any CPU.Build.0 = Release|Any CPU
		{A1E2EE1E-1472-4758-8D77-FDA469598510}.Release|ARM.ActiveCfg = Release|Any CPU
		{A1E2EE1E-1472-4758-8D77-FDA469598510}.Release|ARM.Build.0 = Release|Any CPU
		{A1E2EE1E-1472-4758-8D77-FDA469598510}.Release|iPhone.ActiveCfg = Release|Any CPU
		{A1E2EE1E-1472-4758-8D77-FDA469598510}.Release|iPhone.Build.0 = Release|Any CPU
		{A1E2EE1E-1472-4758-8D77-FDA469598510}.Release|iPhoneSimulator.ActiveCfg = Release|Any CPU
		{A1E2EE1E-1472-4758-8D77-FDA469598510}.Release|iPhoneSimulator.Build.0 = Release|Any CPU
		{A1E2EE1E-1472-4758-8D77-FDA469598510}.Release|x86.ActiveCfg = Release|Any CPU
		{A1E2EE1E-1472-4758-8D77-FDA469598510}.Release|x86.Build.0 = Release|Any CPU
		{1E3E907C-D88F-4CC0-945B-2DB92317F9A4}.Ad-Hoc|Any CPU.ActiveCfg = Release|Any CPU
		{1E3E907C-D88F-4CC0-945B-2DB92317F9A4}.Ad-Hoc|Any CPU.Build.0 = Release|Any CPU
		{1E3E907C-D88F-4CC0-945B-2DB92317F9A4}.Ad-Hoc|ARM.ActiveCfg = Release|Any CPU
		{1E3E907C-D88F-4CC0-945B-2DB92317F9A4}.Ad-Hoc|ARM.Build.0 = Release|Any CPU
		{1E3E907C-D88F-4CC0-945B-2DB92317F9A4}.Ad-Hoc|iPhone.ActiveCfg = Release|Any CPU
		{1E3E907C-D88F-4CC0-945B-2DB92317F9A4}.Ad-Hoc|iPhone.Build.0 = Release|Any CPU
		{1E3E907C-D88F-4CC0-945B-2DB92317F9A4}.Ad-Hoc|iPhoneSimulator.ActiveCfg = Release|Any CPU
		{1E3E907C-D88F-4CC0-945B-2DB92317F9A4}.Ad-Hoc|iPhoneSimulator.Build.0 = Release|Any CPU
		{1E3E907C-D88F-4CC0-945B-2DB92317F9A4}.Ad-Hoc|x86.ActiveCfg = Release|Any CPU
		{1E3E907C-D88F-4CC0-945B-2DB92317F9A4}.Ad-Hoc|x86.Build.0 = Release|Any CPU
		{1E3E907C-D88F-4CC0-945B-2DB92317F9A4}.AppStore|Any CPU.ActiveCfg = Release|Any CPU
		{1E3E907C-D88F-4CC0-945B-2DB92317F9A4}.AppStore|Any CPU.Build.0 = Release|Any CPU
		{1E3E907C-D88F-4CC0-945B-2DB92317F9A4}.AppStore|ARM.ActiveCfg = Release|Any CPU
		{1E3E907C-D88F-4CC0-945B-2DB92317F9A4}.AppStore|ARM.Build.0 = Release|Any CPU
		{1E3E907C-D88F-4CC0-945B-2DB92317F9A4}.AppStore|iPhone.ActiveCfg = Release|Any CPU
		{1E3E907C-D88F-4CC0-945B-2DB92317F9A4}.AppStore|iPhone.Build.0 = Release|Any CPU
		{1E3E907C-D88F-4CC0-945B-2DB92317F9A4}.AppStore|iPhoneSimulator.ActiveCfg = Release|Any CPU
		{1E3E907C-D88F-4CC0-945B-2DB92317F9A4}.AppStore|iPhoneSimulator.Build.0 = Release|Any CPU
		{1E3E907C-D88F-4CC0-945B-2DB92317F9A4}.AppStore|x86.ActiveCfg = Release|Any CPU
		{1E3E907C-D88F-4CC0-945B-2DB92317F9A4}.AppStore|x86.Build.0 = Release|Any CPU
		{1E3E907C-D88F-4CC0-945B-2DB92317F9A4}.Debug|Any CPU.ActiveCfg = Debug|Any CPU
		{1E3E907C-D88F-4CC0-945B-2DB92317F9A4}.Debug|Any CPU.Build.0 = Debug|Any CPU
		{1E3E907C-D88F-4CC0-945B-2DB92317F9A4}.Debug|ARM.ActiveCfg = Debug|Any CPU
		{1E3E907C-D88F-4CC0-945B-2DB92317F9A4}.Debug|ARM.Build.0 = Debug|Any CPU
		{1E3E907C-D88F-4CC0-945B-2DB92317F9A4}.Debug|iPhone.ActiveCfg = Debug|Any CPU
		{1E3E907C-D88F-4CC0-945B-2DB92317F9A4}.Debug|iPhone.Build.0 = Debug|Any CPU
		{1E3E907C-D88F-4CC0-945B-2DB92317F9A4}.Debug|iPhoneSimulator.ActiveCfg = Debug|Any CPU
		{1E3E907C-D88F-4CC0-945B-2DB92317F9A4}.Debug|iPhoneSimulator.Build.0 = Debug|Any CPU
		{1E3E907C-D88F-4CC0-945B-2DB92317F9A4}.Debug|x86.ActiveCfg = Debug|Any CPU
		{1E3E907C-D88F-4CC0-945B-2DB92317F9A4}.Debug|x86.Build.0 = Debug|Any CPU
		{1E3E907C-D88F-4CC0-945B-2DB92317F9A4}.Release|Any CPU.ActiveCfg = Release|Any CPU
		{1E3E907C-D88F-4CC0-945B-2DB92317F9A4}.Release|Any CPU.Build.0 = Release|Any CPU
		{1E3E907C-D88F-4CC0-945B-2DB92317F9A4}.Release|ARM.ActiveCfg = Release|Any CPU
		{1E3E907C-D88F-4CC0-945B-2DB92317F9A4}.Release|ARM.Build.0 = Release|Any CPU
		{1E3E907C-D88F-4CC0-945B-2DB92317F9A4}.Release|iPhone.ActiveCfg = Release|Any CPU
		{1E3E907C-D88F-4CC0-945B-2DB92317F9A4}.Release|iPhone.Build.0 = Release|Any CPU
		{1E3E907C-D88F-4CC0-945B-2DB92317F9A4}.Release|iPhoneSimulator.ActiveCfg = Release|Any CPU
		{1E3E907C-D88F-4CC0-945B-2DB92317F9A4}.Release|iPhoneSimulator.Build.0 = Release|Any CPU
		{1E3E907C-D88F-4CC0-945B-2DB92317F9A4}.Release|x86.ActiveCfg = Release|Any CPU
		{1E3E907C-D88F-4CC0-945B-2DB92317F9A4}.Release|x86.Build.0 = Release|Any CPU
		{DC76C205-F9E0-46C4-A034-43D1C86B64D8}.Ad-Hoc|Any CPU.ActiveCfg = Release|Any CPU
		{DC76C205-F9E0-46C4-A034-43D1C86B64D8}.Ad-Hoc|Any CPU.Build.0 = Release|Any CPU
		{DC76C205-F9E0-46C4-A034-43D1C86B64D8}.Ad-Hoc|Any CPU.Deploy.0 = Release|Any CPU
		{DC76C205-F9E0-46C4-A034-43D1C86B64D8}.Ad-Hoc|ARM.ActiveCfg = Release|Any CPU
		{DC76C205-F9E0-46C4-A034-43D1C86B64D8}.Ad-Hoc|ARM.Build.0 = Release|Any CPU
		{DC76C205-F9E0-46C4-A034-43D1C86B64D8}.Ad-Hoc|ARM.Deploy.0 = Release|Any CPU
		{DC76C205-F9E0-46C4-A034-43D1C86B64D8}.Ad-Hoc|iPhone.ActiveCfg = Release|Any CPU
		{DC76C205-F9E0-46C4-A034-43D1C86B64D8}.Ad-Hoc|iPhone.Build.0 = Release|Any CPU
		{DC76C205-F9E0-46C4-A034-43D1C86B64D8}.Ad-Hoc|iPhone.Deploy.0 = Release|Any CPU
		{DC76C205-F9E0-46C4-A034-43D1C86B64D8}.Ad-Hoc|iPhoneSimulator.ActiveCfg = Release|Any CPU
		{DC76C205-F9E0-46C4-A034-43D1C86B64D8}.Ad-Hoc|iPhoneSimulator.Build.0 = Release|Any CPU
		{DC76C205-F9E0-46C4-A034-43D1C86B64D8}.Ad-Hoc|iPhoneSimulator.Deploy.0 = Release|Any CPU
		{DC76C205-F9E0-46C4-A034-43D1C86B64D8}.Ad-Hoc|x86.ActiveCfg = Release|Any CPU
		{DC76C205-F9E0-46C4-A034-43D1C86B64D8}.Ad-Hoc|x86.Build.0 = Release|Any CPU
		{DC76C205-F9E0-46C4-A034-43D1C86B64D8}.Ad-Hoc|x86.Deploy.0 = Release|Any CPU
		{DC76C205-F9E0-46C4-A034-43D1C86B64D8}.AppStore|Any CPU.ActiveCfg = Release|Any CPU
		{DC76C205-F9E0-46C4-A034-43D1C86B64D8}.AppStore|Any CPU.Build.0 = Release|Any CPU
		{DC76C205-F9E0-46C4-A034-43D1C86B64D8}.AppStore|Any CPU.Deploy.0 = Release|Any CPU
		{DC76C205-F9E0-46C4-A034-43D1C86B64D8}.AppStore|ARM.ActiveCfg = Release|Any CPU
		{DC76C205-F9E0-46C4-A034-43D1C86B64D8}.AppStore|ARM.Build.0 = Release|Any CPU
		{DC76C205-F9E0-46C4-A034-43D1C86B64D8}.AppStore|ARM.Deploy.0 = Release|Any CPU
		{DC76C205-F9E0-46C4-A034-43D1C86B64D8}.AppStore|iPhone.ActiveCfg = Release|Any CPU
		{DC76C205-F9E0-46C4-A034-43D1C86B64D8}.AppStore|iPhone.Build.0 = Release|Any CPU
		{DC76C205-F9E0-46C4-A034-43D1C86B64D8}.AppStore|iPhone.Deploy.0 = Release|Any CPU
		{DC76C205-F9E0-46C4-A034-43D1C86B64D8}.AppStore|iPhoneSimulator.ActiveCfg = Release|Any CPU
		{DC76C205-F9E0-46C4-A034-43D1C86B64D8}.AppStore|iPhoneSimulator.Build.0 = Release|Any CPU
		{DC76C205-F9E0-46C4-A034-43D1C86B64D8}.AppStore|iPhoneSimulator.Deploy.0 = Release|Any CPU
		{DC76C205-F9E0-46C4-A034-43D1C86B64D8}.AppStore|x86.ActiveCfg = Release|Any CPU
		{DC76C205-F9E0-46C4-A034-43D1C86B64D8}.AppStore|x86.Build.0 = Release|Any CPU
		{DC76C205-F9E0-46C4-A034-43D1C86B64D8}.AppStore|x86.Deploy.0 = Release|Any CPU
		{DC76C205-F9E0-46C4-A034-43D1C86B64D8}.Debug|Any CPU.ActiveCfg = Debug|Any CPU
		{DC76C205-F9E0-46C4-A034-43D1C86B64D8}.Debug|Any CPU.Build.0 = Debug|Any CPU
		{DC76C205-F9E0-46C4-A034-43D1C86B64D8}.Debug|Any CPU.Deploy.0 = Debug|Any CPU
		{DC76C205-F9E0-46C4-A034-43D1C86B64D8}.Debug|ARM.ActiveCfg = Debug|Any CPU
		{DC76C205-F9E0-46C4-A034-43D1C86B64D8}.Debug|ARM.Build.0 = Debug|Any CPU
		{DC76C205-F9E0-46C4-A034-43D1C86B64D8}.Debug|ARM.Deploy.0 = Debug|Any CPU
		{DC76C205-F9E0-46C4-A034-43D1C86B64D8}.Debug|iPhone.ActiveCfg = Debug|Any CPU
		{DC76C205-F9E0-46C4-A034-43D1C86B64D8}.Debug|iPhone.Build.0 = Debug|Any CPU
		{DC76C205-F9E0-46C4-A034-43D1C86B64D8}.Debug|iPhone.Deploy.0 = Debug|Any CPU
		{DC76C205-F9E0-46C4-A034-43D1C86B64D8}.Debug|iPhoneSimulator.ActiveCfg = Debug|Any CPU
		{DC76C205-F9E0-46C4-A034-43D1C86B64D8}.Debug|iPhoneSimulator.Build.0 = Debug|Any CPU
		{DC76C205-F9E0-46C4-A034-43D1C86B64D8}.Debug|iPhoneSimulator.Deploy.0 = Debug|Any CPU
		{DC76C205-F9E0-46C4-A034-43D1C86B64D8}.Debug|x86.ActiveCfg = Debug|Any CPU
		{DC76C205-F9E0-46C4-A034-43D1C86B64D8}.Debug|x86.Build.0 = Debug|Any CPU
		{DC76C205-F9E0-46C4-A034-43D1C86B64D8}.Debug|x86.Deploy.0 = Debug|Any CPU
		{DC76C205-F9E0-46C4-A034-43D1C86B64D8}.Release|Any CPU.ActiveCfg = Release|Any CPU
		{DC76C205-F9E0-46C4-A034-43D1C86B64D8}.Release|Any CPU.Build.0 = Release|Any CPU
		{DC76C205-F9E0-46C4-A034-43D1C86B64D8}.Release|Any CPU.Deploy.0 = Release|Any CPU
		{DC76C205-F9E0-46C4-A034-43D1C86B64D8}.Release|ARM.ActiveCfg = Release|Any CPU
		{DC76C205-F9E0-46C4-A034-43D1C86B64D8}.Release|ARM.Build.0 = Release|Any CPU
		{DC76C205-F9E0-46C4-A034-43D1C86B64D8}.Release|ARM.Deploy.0 = Release|Any CPU
		{DC76C205-F9E0-46C4-A034-43D1C86B64D8}.Release|iPhone.ActiveCfg = Release|Any CPU
		{DC76C205-F9E0-46C4-A034-43D1C86B64D8}.Release|iPhone.Build.0 = Release|Any CPU
		{DC76C205-F9E0-46C4-A034-43D1C86B64D8}.Release|iPhone.Deploy.0 = Release|Any CPU
		{DC76C205-F9E0-46C4-A034-43D1C86B64D8}.Release|iPhoneSimulator.ActiveCfg = Release|Any CPU
		{DC76C205-F9E0-46C4-A034-43D1C86B64D8}.Release|iPhoneSimulator.Build.0 = Release|Any CPU
		{DC76C205-F9E0-46C4-A034-43D1C86B64D8}.Release|iPhoneSimulator.Deploy.0 = Release|Any CPU
		{DC76C205-F9E0-46C4-A034-43D1C86B64D8}.Release|x86.ActiveCfg = Release|Any CPU
		{DC76C205-F9E0-46C4-A034-43D1C86B64D8}.Release|x86.Build.0 = Release|Any CPU
		{DC76C205-F9E0-46C4-A034-43D1C86B64D8}.Release|x86.Deploy.0 = Release|Any CPU
		{FDBD86CB-FC28-471A-8D60-ED65112AF41E}.Ad-Hoc|Any CPU.ActiveCfg = Release|Any CPU
		{FDBD86CB-FC28-471A-8D60-ED65112AF41E}.Ad-Hoc|Any CPU.Build.0 = Release|Any CPU
		{FDBD86CB-FC28-471A-8D60-ED65112AF41E}.Ad-Hoc|ARM.ActiveCfg = Release|Any CPU
		{FDBD86CB-FC28-471A-8D60-ED65112AF41E}.Ad-Hoc|ARM.Build.0 = Release|Any CPU
		{FDBD86CB-FC28-471A-8D60-ED65112AF41E}.Ad-Hoc|iPhone.ActiveCfg = Release|Any CPU
		{FDBD86CB-FC28-471A-8D60-ED65112AF41E}.Ad-Hoc|iPhone.Build.0 = Release|Any CPU
		{FDBD86CB-FC28-471A-8D60-ED65112AF41E}.Ad-Hoc|iPhoneSimulator.ActiveCfg = Release|Any CPU
		{FDBD86CB-FC28-471A-8D60-ED65112AF41E}.Ad-Hoc|iPhoneSimulator.Build.0 = Release|Any CPU
		{FDBD86CB-FC28-471A-8D60-ED65112AF41E}.Ad-Hoc|x86.ActiveCfg = Release|Any CPU
		{FDBD86CB-FC28-471A-8D60-ED65112AF41E}.Ad-Hoc|x86.Build.0 = Release|Any CPU
		{FDBD86CB-FC28-471A-8D60-ED65112AF41E}.AppStore|Any CPU.ActiveCfg = Release|Any CPU
		{FDBD86CB-FC28-471A-8D60-ED65112AF41E}.AppStore|Any CPU.Build.0 = Release|Any CPU
		{FDBD86CB-FC28-471A-8D60-ED65112AF41E}.AppStore|ARM.ActiveCfg = Release|Any CPU
		{FDBD86CB-FC28-471A-8D60-ED65112AF41E}.AppStore|ARM.Build.0 = Release|Any CPU
		{FDBD86CB-FC28-471A-8D60-ED65112AF41E}.AppStore|iPhone.ActiveCfg = Release|Any CPU
		{FDBD86CB-FC28-471A-8D60-ED65112AF41E}.AppStore|iPhone.Build.0 = Release|Any CPU
		{FDBD86CB-FC28-471A-8D60-ED65112AF41E}.AppStore|iPhoneSimulator.ActiveCfg = Release|Any CPU
		{FDBD86CB-FC28-471A-8D60-ED65112AF41E}.AppStore|iPhoneSimulator.Build.0 = Release|Any CPU
		{FDBD86CB-FC28-471A-8D60-ED65112AF41E}.AppStore|x86.ActiveCfg = Release|Any CPU
		{FDBD86CB-FC28-471A-8D60-ED65112AF41E}.AppStore|x86.Build.0 = Release|Any CPU
		{FDBD86CB-FC28-471A-8D60-ED65112AF41E}.Debug|Any CPU.ActiveCfg = Debug|Any CPU
		{FDBD86CB-FC28-471A-8D60-ED65112AF41E}.Debug|Any CPU.Build.0 = Debug|Any CPU
		{FDBD86CB-FC28-471A-8D60-ED65112AF41E}.Debug|ARM.ActiveCfg = Debug|Any CPU
		{FDBD86CB-FC28-471A-8D60-ED65112AF41E}.Debug|ARM.Build.0 = Debug|Any CPU
		{FDBD86CB-FC28-471A-8D60-ED65112AF41E}.Debug|iPhone.ActiveCfg = Debug|Any CPU
		{FDBD86CB-FC28-471A-8D60-ED65112AF41E}.Debug|iPhone.Build.0 = Debug|Any CPU
		{FDBD86CB-FC28-471A-8D60-ED65112AF41E}.Debug|iPhoneSimulator.ActiveCfg = Debug|Any CPU
		{FDBD86CB-FC28-471A-8D60-ED65112AF41E}.Debug|iPhoneSimulator.Build.0 = Debug|Any CPU
		{FDBD86CB-FC28-471A-8D60-ED65112AF41E}.Debug|x86.ActiveCfg = Debug|Any CPU
		{FDBD86CB-FC28-471A-8D60-ED65112AF41E}.Debug|x86.Build.0 = Debug|Any CPU
		{FDBD86CB-FC28-471A-8D60-ED65112AF41E}.Release|Any CPU.ActiveCfg = Release|Any CPU
		{FDBD86CB-FC28-471A-8D60-ED65112AF41E}.Release|Any CPU.Build.0 = Release|Any CPU
		{FDBD86CB-FC28-471A-8D60-ED65112AF41E}.Release|ARM.ActiveCfg = Release|Any CPU
		{FDBD86CB-FC28-471A-8D60-ED65112AF41E}.Release|ARM.Build.0 = Release|Any CPU
		{FDBD86CB-FC28-471A-8D60-ED65112AF41E}.Release|iPhone.ActiveCfg = Release|Any CPU
		{FDBD86CB-FC28-471A-8D60-ED65112AF41E}.Release|iPhone.Build.0 = Release|Any CPU
		{FDBD86CB-FC28-471A-8D60-ED65112AF41E}.Release|iPhoneSimulator.ActiveCfg = Release|Any CPU
		{FDBD86CB-FC28-471A-8D60-ED65112AF41E}.Release|iPhoneSimulator.Build.0 = Release|Any CPU
		{FDBD86CB-FC28-471A-8D60-ED65112AF41E}.Release|x86.ActiveCfg = Release|Any CPU
		{FDBD86CB-FC28-471A-8D60-ED65112AF41E}.Release|x86.Build.0 = Release|Any CPU
		{4317C7EF-E395-4E63-BC24-9B01C1D3E294}.Ad-Hoc|Any CPU.ActiveCfg = Release|Any CPU
		{4317C7EF-E395-4E63-BC24-9B01C1D3E294}.Ad-Hoc|Any CPU.Build.0 = Release|Any CPU
		{4317C7EF-E395-4E63-BC24-9B01C1D3E294}.Ad-Hoc|Any CPU.Deploy.0 = Release|Any CPU
		{4317C7EF-E395-4E63-BC24-9B01C1D3E294}.Ad-Hoc|ARM.ActiveCfg = Release|ARM
		{4317C7EF-E395-4E63-BC24-9B01C1D3E294}.Ad-Hoc|ARM.Build.0 = Release|ARM
		{4317C7EF-E395-4E63-BC24-9B01C1D3E294}.Ad-Hoc|ARM.Deploy.0 = Release|ARM
		{4317C7EF-E395-4E63-BC24-9B01C1D3E294}.Ad-Hoc|iPhone.ActiveCfg = Release|Any CPU
		{4317C7EF-E395-4E63-BC24-9B01C1D3E294}.Ad-Hoc|iPhone.Build.0 = Release|Any CPU
		{4317C7EF-E395-4E63-BC24-9B01C1D3E294}.Ad-Hoc|iPhone.Deploy.0 = Release|Any CPU
		{4317C7EF-E395-4E63-BC24-9B01C1D3E294}.Ad-Hoc|iPhoneSimulator.ActiveCfg = Release|Any CPU
		{4317C7EF-E395-4E63-BC24-9B01C1D3E294}.Ad-Hoc|iPhoneSimulator.Build.0 = Release|Any CPU
		{4317C7EF-E395-4E63-BC24-9B01C1D3E294}.Ad-Hoc|iPhoneSimulator.Deploy.0 = Release|Any CPU
		{4317C7EF-E395-4E63-BC24-9B01C1D3E294}.Ad-Hoc|x86.ActiveCfg = Release|x86
		{4317C7EF-E395-4E63-BC24-9B01C1D3E294}.Ad-Hoc|x86.Build.0 = Release|x86
		{4317C7EF-E395-4E63-BC24-9B01C1D3E294}.Ad-Hoc|x86.Deploy.0 = Release|x86
		{4317C7EF-E395-4E63-BC24-9B01C1D3E294}.AppStore|Any CPU.ActiveCfg = Release|Any CPU
		{4317C7EF-E395-4E63-BC24-9B01C1D3E294}.AppStore|Any CPU.Build.0 = Release|Any CPU
		{4317C7EF-E395-4E63-BC24-9B01C1D3E294}.AppStore|Any CPU.Deploy.0 = Release|Any CPU
		{4317C7EF-E395-4E63-BC24-9B01C1D3E294}.AppStore|ARM.ActiveCfg = Release|ARM
		{4317C7EF-E395-4E63-BC24-9B01C1D3E294}.AppStore|ARM.Build.0 = Release|ARM
		{4317C7EF-E395-4E63-BC24-9B01C1D3E294}.AppStore|ARM.Deploy.0 = Release|ARM
		{4317C7EF-E395-4E63-BC24-9B01C1D3E294}.AppStore|iPhone.ActiveCfg = Release|Any CPU
		{4317C7EF-E395-4E63-BC24-9B01C1D3E294}.AppStore|iPhone.Build.0 = Release|Any CPU
		{4317C7EF-E395-4E63-BC24-9B01C1D3E294}.AppStore|iPhone.Deploy.0 = Release|Any CPU
		{4317C7EF-E395-4E63-BC24-9B01C1D3E294}.AppStore|iPhoneSimulator.ActiveCfg = Release|Any CPU
		{4317C7EF-E395-4E63-BC24-9B01C1D3E294}.AppStore|iPhoneSimulator.Build.0 = Release|Any CPU
		{4317C7EF-E395-4E63-BC24-9B01C1D3E294}.AppStore|iPhoneSimulator.Deploy.0 = Release|Any CPU
		{4317C7EF-E395-4E63-BC24-9B01C1D3E294}.AppStore|x86.ActiveCfg = Release|x86
		{4317C7EF-E395-4E63-BC24-9B01C1D3E294}.AppStore|x86.Build.0 = Release|x86
		{4317C7EF-E395-4E63-BC24-9B01C1D3E294}.AppStore|x86.Deploy.0 = Release|x86
		{4317C7EF-E395-4E63-BC24-9B01C1D3E294}.Debug|Any CPU.ActiveCfg = Debug|Any CPU
		{4317C7EF-E395-4E63-BC24-9B01C1D3E294}.Debug|Any CPU.Build.0 = Debug|Any CPU
		{4317C7EF-E395-4E63-BC24-9B01C1D3E294}.Debug|Any CPU.Deploy.0 = Debug|Any CPU
		{4317C7EF-E395-4E63-BC24-9B01C1D3E294}.Debug|ARM.ActiveCfg = Debug|ARM
		{4317C7EF-E395-4E63-BC24-9B01C1D3E294}.Debug|ARM.Build.0 = Debug|ARM
		{4317C7EF-E395-4E63-BC24-9B01C1D3E294}.Debug|ARM.Deploy.0 = Debug|ARM
		{4317C7EF-E395-4E63-BC24-9B01C1D3E294}.Debug|iPhone.ActiveCfg = Debug|Any CPU
		{4317C7EF-E395-4E63-BC24-9B01C1D3E294}.Debug|iPhone.Build.0 = Debug|Any CPU
		{4317C7EF-E395-4E63-BC24-9B01C1D3E294}.Debug|iPhone.Deploy.0 = Debug|Any CPU
		{4317C7EF-E395-4E63-BC24-9B01C1D3E294}.Debug|iPhoneSimulator.ActiveCfg = Debug|Any CPU
		{4317C7EF-E395-4E63-BC24-9B01C1D3E294}.Debug|iPhoneSimulator.Build.0 = Debug|Any CPU
		{4317C7EF-E395-4E63-BC24-9B01C1D3E294}.Debug|iPhoneSimulator.Deploy.0 = Debug|Any CPU
		{4317C7EF-E395-4E63-BC24-9B01C1D3E294}.Debug|x86.ActiveCfg = Debug|x86
		{4317C7EF-E395-4E63-BC24-9B01C1D3E294}.Debug|x86.Build.0 = Debug|x86
		{4317C7EF-E395-4E63-BC24-9B01C1D3E294}.Debug|x86.Deploy.0 = Debug|x86
		{4317C7EF-E395-4E63-BC24-9B01C1D3E294}.Release|Any CPU.ActiveCfg = Release|Any CPU
		{4317C7EF-E395-4E63-BC24-9B01C1D3E294}.Release|Any CPU.Build.0 = Release|Any CPU
		{4317C7EF-E395-4E63-BC24-9B01C1D3E294}.Release|Any CPU.Deploy.0 = Release|Any CPU
		{4317C7EF-E395-4E63-BC24-9B01C1D3E294}.Release|ARM.ActiveCfg = Release|ARM
		{4317C7EF-E395-4E63-BC24-9B01C1D3E294}.Release|ARM.Build.0 = Release|ARM
		{4317C7EF-E395-4E63-BC24-9B01C1D3E294}.Release|ARM.Deploy.0 = Release|ARM
		{4317C7EF-E395-4E63-BC24-9B01C1D3E294}.Release|iPhone.ActiveCfg = Release|Any CPU
		{4317C7EF-E395-4E63-BC24-9B01C1D3E294}.Release|iPhone.Build.0 = Release|Any CPU
		{4317C7EF-E395-4E63-BC24-9B01C1D3E294}.Release|iPhone.Deploy.0 = Release|Any CPU
		{4317C7EF-E395-4E63-BC24-9B01C1D3E294}.Release|iPhoneSimulator.ActiveCfg = Release|Any CPU
		{4317C7EF-E395-4E63-BC24-9B01C1D3E294}.Release|iPhoneSimulator.Build.0 = Release|Any CPU
		{4317C7EF-E395-4E63-BC24-9B01C1D3E294}.Release|iPhoneSimulator.Deploy.0 = Release|Any CPU
		{4317C7EF-E395-4E63-BC24-9B01C1D3E294}.Release|x86.ActiveCfg = Release|x86
		{4317C7EF-E395-4E63-BC24-9B01C1D3E294}.Release|x86.Build.0 = Release|x86
		{4317C7EF-E395-4E63-BC24-9B01C1D3E294}.Release|x86.Deploy.0 = Release|x86
		{6679EA86-3CB4-47D5-9728-2708A3D82756}.Ad-Hoc|Any CPU.ActiveCfg = Ad-Hoc|iPhone
		{6679EA86-3CB4-47D5-9728-2708A3D82756}.Ad-Hoc|ARM.ActiveCfg = Ad-Hoc|iPhone
		{6679EA86-3CB4-47D5-9728-2708A3D82756}.Ad-Hoc|iPhone.ActiveCfg = Ad-Hoc|iPhone
		{6679EA86-3CB4-47D5-9728-2708A3D82756}.Ad-Hoc|iPhone.Build.0 = Ad-Hoc|iPhone
		{6679EA86-3CB4-47D5-9728-2708A3D82756}.Ad-Hoc|iPhoneSimulator.ActiveCfg = Ad-Hoc|iPhoneSimulator
		{6679EA86-3CB4-47D5-9728-2708A3D82756}.Ad-Hoc|iPhoneSimulator.Build.0 = Ad-Hoc|iPhoneSimulator
		{6679EA86-3CB4-47D5-9728-2708A3D82756}.Ad-Hoc|x86.ActiveCfg = Ad-Hoc|iPhone
		{6679EA86-3CB4-47D5-9728-2708A3D82756}.AppStore|Any CPU.ActiveCfg = AppStore|iPhone
		{6679EA86-3CB4-47D5-9728-2708A3D82756}.AppStore|ARM.ActiveCfg = AppStore|iPhone
		{6679EA86-3CB4-47D5-9728-2708A3D82756}.AppStore|iPhone.ActiveCfg = AppStore|iPhone
		{6679EA86-3CB4-47D5-9728-2708A3D82756}.AppStore|iPhone.Build.0 = AppStore|iPhone
		{6679EA86-3CB4-47D5-9728-2708A3D82756}.AppStore|iPhoneSimulator.ActiveCfg = AppStore|iPhoneSimulator
		{6679EA86-3CB4-47D5-9728-2708A3D82756}.AppStore|iPhoneSimulator.Build.0 = AppStore|iPhoneSimulator
		{6679EA86-3CB4-47D5-9728-2708A3D82756}.AppStore|x86.ActiveCfg = AppStore|iPhone
		{6679EA86-3CB4-47D5-9728-2708A3D82756}.Debug|Any CPU.ActiveCfg = Debug|iPhone
		{6679EA86-3CB4-47D5-9728-2708A3D82756}.Debug|ARM.ActiveCfg = Debug|iPhone
		{6679EA86-3CB4-47D5-9728-2708A3D82756}.Debug|iPhone.ActiveCfg = Debug|iPhone
		{6679EA86-3CB4-47D5-9728-2708A3D82756}.Debug|iPhone.Build.0 = Debug|iPhone
		{6679EA86-3CB4-47D5-9728-2708A3D82756}.Debug|iPhoneSimulator.ActiveCfg = Debug|iPhoneSimulator
		{6679EA86-3CB4-47D5-9728-2708A3D82756}.Debug|iPhoneSimulator.Build.0 = Debug|iPhoneSimulator
		{6679EA86-3CB4-47D5-9728-2708A3D82756}.Debug|x86.ActiveCfg = Debug|iPhone
		{6679EA86-3CB4-47D5-9728-2708A3D82756}.Release|Any CPU.ActiveCfg = Release|iPhone
		{6679EA86-3CB4-47D5-9728-2708A3D82756}.Release|ARM.ActiveCfg = Release|iPhone
		{6679EA86-3CB4-47D5-9728-2708A3D82756}.Release|iPhone.ActiveCfg = Release|iPhone
		{6679EA86-3CB4-47D5-9728-2708A3D82756}.Release|iPhone.Build.0 = Release|iPhone
		{6679EA86-3CB4-47D5-9728-2708A3D82756}.Release|iPhoneSimulator.ActiveCfg = Release|iPhoneSimulator
		{6679EA86-3CB4-47D5-9728-2708A3D82756}.Release|iPhoneSimulator.Build.0 = Release|iPhoneSimulator
		{6679EA86-3CB4-47D5-9728-2708A3D82756}.Release|x86.ActiveCfg = Release|iPhone
	EndGlobalSection
	GlobalSection(SolutionProperties) = preSolution
		HideSolutionNode = FALSE
	EndGlobalSection
	GlobalSection(NestedProjects) = preSolution
		{A6836CA3-362F-4B49-B99F-6607AAB9EF29} = {8A9795C2-4CAE-46EB-9736-8347906B6A01}
		{12F38D82-651B-4B86-BA5E-16981A38EDEE} = {8A9795C2-4CAE-46EB-9736-8347906B6A01}
		{E3B5B7CE-48CF-4D35-8FA6-804EA750B3D9} = {8A9795C2-4CAE-46EB-9736-8347906B6A01}
		{A1E2EE1E-1472-4758-8D77-FDA469598510} = {8A9795C2-4CAE-46EB-9736-8347906B6A01}
		{1E3E907C-D88F-4CC0-945B-2DB92317F9A4} = {8A9795C2-4CAE-46EB-9736-8347906B6A01}
		{DC76C205-F9E0-46C4-A034-43D1C86B64D8} = {43D3DBE2-0139-4D65-99F8-B1D4CCD5E831}
		{FDBD86CB-FC28-471A-8D60-ED65112AF41E} = {43D3DBE2-0139-4D65-99F8-B1D4CCD5E831}
		{4317C7EF-E395-4E63-BC24-9B01C1D3E294} = {43D3DBE2-0139-4D65-99F8-B1D4CCD5E831}
		{6679EA86-3CB4-47D5-9728-2708A3D82756} = {43D3DBE2-0139-4D65-99F8-B1D4CCD5E831}
	EndGlobalSection
EndGlobal
